// !$*UTF8*$!
{
	archiveVersion = 1;
	classes = {
	};
	objectVersion = 54;
	objects = {

/* Begin PBXBuildFile section */
		DAD041D0252C05C5000584A4 /* AppDelegate.swift in Sources */ = {isa = PBXBuildFile; fileRef = DAD041CF252C05C5000584A4 /* AppDelegate.swift */; };
		DAD041D2252C05C5000584A4 /* ContentView.swift in Sources */ = {isa = PBXBuildFile; fileRef = DAD041D1252C05C5000584A4 /* ContentView.swift */; };
		DAD041D4252C05C6000584A4 /* Assets.xcassets in Resources */ = {isa = PBXBuildFile; fileRef = DAD041D3252C05C6000584A4 /* Assets.xcassets */; };
		DAD041D7252C05C6000584A4 /* Preview Assets.xcassets in Resources */ = {isa = PBXBuildFile; fileRef = DAD041D6252C05C6000584A4 /* Preview Assets.xcassets */; };
		DAD041DA252C05C6000584A4 /* Main.storyboard in Resources */ = {isa = PBXBuildFile; fileRef = DAD041D8252C05C6000584A4 /* Main.storyboard */; };
		DAD041EA252C0620000584A4 /* Cocoa.framework in Frameworks */ = {isa = PBXBuildFile; fileRef = DAD041E9252C0620000584A4 /* Cocoa.framework */; };
		DAD041EF252C0620000584A4 /* SourceEditorExtension.swift in Sources */ = {isa = PBXBuildFile; fileRef = DAD041EE252C0620000584A4 /* SourceEditorExtension.swift */; };
		DAD041F1252C0620000584A4 /* SourceEditorCommand.swift in Sources */ = {isa = PBXBuildFile; fileRef = DAD041F0252C0620000584A4 /* SourceEditorCommand.swift */; };
		DAD041F6252C0620000584A4 /* XLineTools.appex in Embed Foundation Extensions */ = {isa = PBXBuildFile; fileRef = DAD041E7252C0620000584A4 /* XLineTools.appex */; settings = {ATTRIBUTES = (RemoveHeadersOnCopy, ); }; };
		DAD041FF252C0872000584A4 /* XcodeKit.framework in Frameworks */ = {isa = PBXBuildFile; fileRef = DAD041EB252C0620000584A4 /* XcodeKit.framework */; };
		DAD04200252C0872000584A4 /* XcodeKit.framework in Embed Frameworks */ = {isa = PBXBuildFile; fileRef = DAD041EB252C0620000584A4 /* XcodeKit.framework */; settings = {ATTRIBUTES = (CodeSignOnCopy, RemoveHeadersOnCopy, ); }; };
/* End PBXBuildFile section */

/* Begin PBXContainerItemProxy section */
		DAD041F4252C0620000584A4 /* PBXContainerItemProxy */ = {
			isa = PBXContainerItemProxy;
			containerPortal = DAD041C4252C05C5000584A4 /* Project object */;
			proxyType = 1;
			remoteGlobalIDString = DAD041E6252C0620000584A4;
			remoteInfo = XLineTools;
		};
/* End PBXContainerItemProxy section */

/* Begin PBXCopyFilesBuildPhase section */
		DAD041FA252C0620000584A4 /* Embed Foundation Extensions */ = {
			isa = PBXCopyFilesBuildPhase;
			buildActionMask = 2147483647;
			dstPath = "";
			dstSubfolderSpec = 13;
			files = (
				DAD041F6252C0620000584A4 /* XLineTools.appex in Embed Foundation Extensions */,
			);
			name = "Embed Foundation Extensions";
			runOnlyForDeploymentPostprocessing = 0;
		};
		DAD04201252C0872000584A4 /* Embed Frameworks */ = {
			isa = PBXCopyFilesBuildPhase;
			buildActionMask = 2147483647;
			dstPath = "";
			dstSubfolderSpec = 10;
			files = (
				DAD04200252C0872000584A4 /* XcodeKit.framework in Embed Frameworks */,
			);
			name = "Embed Frameworks";
			runOnlyForDeploymentPostprocessing = 0;
		};
/* End PBXCopyFilesBuildPhase section */

/* Begin PBXFileReference section */
		DA0152B9252C165900C06CB4 /* README.md */ = {isa = PBXFileReference; lastKnownFileType = net.daringfireball.markdown; path = README.md; sourceTree = "<group>"; };
		DAD041CC252C05C5000584A4 /* XLineTool.app */ = {isa = PBXFileReference; explicitFileType = wrapper.application; includeInIndex = 0; path = XLineTool.app; sourceTree = BUILT_PRODUCTS_DIR; };
		DAD041CF252C05C5000584A4 /* AppDelegate.swift */ = {isa = PBXFileReference; lastKnownFileType = sourcecode.swift; path = AppDelegate.swift; sourceTree = "<group>"; };
		DAD041D1252C05C5000584A4 /* ContentView.swift */ = {isa = PBXFileReference; lastKnownFileType = sourcecode.swift; path = ContentView.swift; sourceTree = "<group>"; };
		DAD041D3252C05C6000584A4 /* Assets.xcassets */ = {isa = PBXFileReference; lastKnownFileType = folder.assetcatalog; path = Assets.xcassets; sourceTree = "<group>"; };
		DAD041D6252C05C6000584A4 /* Preview Assets.xcassets */ = {isa = PBXFileReference; lastKnownFileType = folder.assetcatalog; path = "Preview Assets.xcassets"; sourceTree = "<group>"; };
		DAD041D9252C05C6000584A4 /* Base */ = {isa = PBXFileReference; lastKnownFileType = file.storyboard; name = Base; path = Base.lproj/Main.storyboard; sourceTree = "<group>"; };
		DAD041DB252C05C6000584A4 /* Info.plist */ = {isa = PBXFileReference; lastKnownFileType = text.plist.xml; path = Info.plist; sourceTree = "<group>"; };
		DAD041DC252C05C6000584A4 /* XLineTool.entitlements */ = {isa = PBXFileReference; lastKnownFileType = text.plist.entitlements; path = XLineTool.entitlements; sourceTree = "<group>"; };
		DAD041E7252C0620000584A4 /* XLineTools.appex */ = {isa = PBXFileReference; explicitFileType = "wrapper.app-extension"; includeInIndex = 0; path = XLineTools.appex; sourceTree = BUILT_PRODUCTS_DIR; };
		DAD041E9252C0620000584A4 /* Cocoa.framework */ = {isa = PBXFileReference; lastKnownFileType = wrapper.framework; name = Cocoa.framework; path = System/Library/Frameworks/Cocoa.framework; sourceTree = SDKROOT; };
		DAD041EB252C0620000584A4 /* XcodeKit.framework */ = {isa = PBXFileReference; lastKnownFileType = wrapper.framework; name = XcodeKit.framework; path = Library/Frameworks/XcodeKit.framework; sourceTree = DEVELOPER_DIR; };
		DAD041EE252C0620000584A4 /* SourceEditorExtension.swift */ = {isa = PBXFileReference; lastKnownFileType = sourcecode.swift; path = SourceEditorExtension.swift; sourceTree = "<group>"; };
		DAD041F0252C0620000584A4 /* SourceEditorCommand.swift */ = {isa = PBXFileReference; lastKnownFileType = sourcecode.swift; path = SourceEditorCommand.swift; sourceTree = "<group>"; };
		DAD041F2252C0620000584A4 /* Info.plist */ = {isa = PBXFileReference; lastKnownFileType = text.plist.xml; path = Info.plist; sourceTree = "<group>"; };
		DAD041F3252C0620000584A4 /* XLineTools.entitlements */ = {isa = PBXFileReference; lastKnownFileType = text.plist.entitlements; path = XLineTools.entitlements; sourceTree = "<group>"; };
		DAD99B4F2C89DD7000CBBE2F /* Changelog.md */ = {isa = PBXFileReference; lastKnownFileType = net.daringfireball.markdown; path = Changelog.md; sourceTree = "<group>"; };
/* End PBXFileReference section */

/* Begin PBXFrameworksBuildPhase section */
		DAD041C9252C05C5000584A4 /* Frameworks */ = {
			isa = PBXFrameworksBuildPhase;
			buildActionMask = 2147483647;
			files = (
			);
			runOnlyForDeploymentPostprocessing = 0;
		};
		DAD041E4252C0620000584A4 /* Frameworks */ = {
			isa = PBXFrameworksBuildPhase;
			buildActionMask = 2147483647;
			files = (
				DAD041EA252C0620000584A4 /* Cocoa.framework in Frameworks */,
				DAD041FF252C0872000584A4 /* XcodeKit.framework in Frameworks */,
			);
			runOnlyForDeploymentPostprocessing = 0;
		};
/* End PBXFrameworksBuildPhase section */

/* Begin PBXGroup section */
		DAD041C3252C05C5000584A4 = {
			isa = PBXGroup;
			children = (
				DAD99B4F2C89DD7000CBBE2F /* Changelog.md */,
				DA0152B9252C165900C06CB4 /* README.md */,
				DAD041CE252C05C5000584A4 /* XLineTool */,
				DAD041ED252C0620000584A4 /* XLineTools */,
				DAD041E8252C0620000584A4 /* Frameworks */,
				DAD041CD252C05C5000584A4 /* Products */,
			);
			sourceTree = "<group>";
		};
		DAD041CD252C05C5000584A4 /* Products */ = {
			isa = PBXGroup;
			children = (
				DAD041CC252C05C5000584A4 /* XLineTool.app */,
				DAD041E7252C0620000584A4 /* XLineTools.appex */,
			);
			name = Products;
			sourceTree = "<group>";
		};
		DAD041CE252C05C5000584A4 /* XLineTool */ = {
			isa = PBXGroup;
			children = (
				DAD041CF252C05C5000584A4 /* AppDelegate.swift */,
				DAD041D1252C05C5000584A4 /* ContentView.swift */,
				DAD041D3252C05C6000584A4 /* Assets.xcassets */,
				DAD041D8252C05C6000584A4 /* Main.storyboard */,
				DAD041DB252C05C6000584A4 /* Info.plist */,
				DAD041DC252C05C6000584A4 /* XLineTool.entitlements */,
				DAD041D5252C05C6000584A4 /* Preview Content */,
			);
			path = XLineTool;
			sourceTree = "<group>";
		};
		DAD041D5252C05C6000584A4 /* Preview Content */ = {
			isa = PBXGroup;
			children = (
				DAD041D6252C05C6000584A4 /* Preview Assets.xcassets */,
			);
			path = "Preview Content";
			sourceTree = "<group>";
		};
		DAD041E8252C0620000584A4 /* Frameworks */ = {
			isa = PBXGroup;
			children = (
				DAD041E9252C0620000584A4 /* Cocoa.framework */,
				DAD041EB252C0620000584A4 /* XcodeKit.framework */,
			);
			name = Frameworks;
			sourceTree = "<group>";
		};
		DAD041ED252C0620000584A4 /* XLineTools */ = {
			isa = PBXGroup;
			children = (
				DAD041EE252C0620000584A4 /* SourceEditorExtension.swift */,
				DAD041F0252C0620000584A4 /* SourceEditorCommand.swift */,
				DAD041F2252C0620000584A4 /* Info.plist */,
				DAD041F3252C0620000584A4 /* XLineTools.entitlements */,
			);
			path = XLineTools;
			sourceTree = "<group>";
		};
/* End PBXGroup section */

/* Begin PBXNativeTarget section */
		DAD041CB252C05C5000584A4 /* XLineTool */ = {
			isa = PBXNativeTarget;
			buildConfigurationList = DAD041DF252C05C6000584A4 /* Build configuration list for PBXNativeTarget "XLineTool" */;
			buildPhases = (
				DAD041C8252C05C5000584A4 /* Sources */,
				DAD041C9252C05C5000584A4 /* Frameworks */,
				DAD041CA252C05C5000584A4 /* Resources */,
				DAD041FA252C0620000584A4 /* Embed Foundation Extensions */,
			);
			buildRules = (
			);
			dependencies = (
				DAD041F5252C0620000584A4 /* PBXTargetDependency */,
			);
			name = XLineTool;
			productName = XLineTool;
			productReference = DAD041CC252C05C5000584A4 /* XLineTool.app */;
			productType = "com.apple.product-type.application";
		};
		DAD041E6252C0620000584A4 /* XLineTools */ = {
			isa = PBXNativeTarget;
			buildConfigurationList = DAD041F7252C0620000584A4 /* Build configuration list for PBXNativeTarget "XLineTools" */;
			buildPhases = (
				DAD041E3252C0620000584A4 /* Sources */,
				DAD041E4252C0620000584A4 /* Frameworks */,
				DAD041E5252C0620000584A4 /* Resources */,
				DAD04201252C0872000584A4 /* Embed Frameworks */,
			);
			buildRules = (
			);
			dependencies = (
			);
			name = XLineTools;
			productName = XLineTools;
			productReference = DAD041E7252C0620000584A4 /* XLineTools.appex */;
			productType = "com.apple.product-type.xcode-extension";
		};
/* End PBXNativeTarget section */

/* Begin PBXProject section */
		DAD041C4252C05C5000584A4 /* Project object */ = {
			isa = PBXProject;
			attributes = {
				BuildIndependentTargetsInParallel = YES;
				LastSwiftUpdateCheck = 1200;
				LastUpgradeCheck = 1540;
				TargetAttributes = {
					DAD041CB252C05C5000584A4 = {
						CreatedOnToolsVersion = 12.0.1;
					};
					DAD041E6252C0620000584A4 = {
						CreatedOnToolsVersion = 12.0.1;
					};
				};
			};
			buildConfigurationList = DAD041C7252C05C5000584A4 /* Build configuration list for PBXProject "XLineTool" */;
			compatibilityVersion = "Xcode 9.3";
			developmentRegion = en;
			hasScannedForEncodings = 0;
			knownRegions = (
				en,
				Base,
			);
			mainGroup = DAD041C3252C05C5000584A4;
			productRefGroup = DAD041CD252C05C5000584A4 /* Products */;
			projectDirPath = "";
			projectRoot = "";
			targets = (
				DAD041CB252C05C5000584A4 /* XLineTool */,
				DAD041E6252C0620000584A4 /* XLineTools */,
			);
		};
/* End PBXProject section */

/* Begin PBXResourcesBuildPhase section */
		DAD041CA252C05C5000584A4 /* Resources */ = {
			isa = PBXResourcesBuildPhase;
			buildActionMask = 2147483647;
			files = (
				DAD041DA252C05C6000584A4 /* Main.storyboard in Resources */,
				DAD041D7252C05C6000584A4 /* Preview Assets.xcassets in Resources */,
				DAD041D4252C05C6000584A4 /* Assets.xcassets in Resources */,
			);
			runOnlyForDeploymentPostprocessing = 0;
		};
		DAD041E5252C0620000584A4 /* Resources */ = {
			isa = PBXResourcesBuildPhase;
			buildActionMask = 2147483647;
			files = (
			);
			runOnlyForDeploymentPostprocessing = 0;
		};
/* End PBXResourcesBuildPhase section */

/* Begin PBXSourcesBuildPhase section */
		DAD041C8252C05C5000584A4 /* Sources */ = {
			isa = PBXSourcesBuildPhase;
			buildActionMask = 2147483647;
			files = (
				DAD041D2252C05C5000584A4 /* ContentView.swift in Sources */,
				DAD041D0252C05C5000584A4 /* AppDelegate.swift in Sources */,
			);
			runOnlyForDeploymentPostprocessing = 0;
		};
		DAD041E3252C0620000584A4 /* Sources */ = {
			isa = PBXSourcesBuildPhase;
			buildActionMask = 2147483647;
			files = (
				DAD041EF252C0620000584A4 /* SourceEditorExtension.swift in Sources */,
				DAD041F1252C0620000584A4 /* SourceEditorCommand.swift in Sources */,
			);
			runOnlyForDeploymentPostprocessing = 0;
		};
/* End PBXSourcesBuildPhase section */

/* Begin PBXTargetDependency section */
		DAD041F5252C0620000584A4 /* PBXTargetDependency */ = {
			isa = PBXTargetDependency;
			target = DAD041E6252C0620000584A4 /* XLineTools */;
			targetProxy = DAD041F4252C0620000584A4 /* PBXContainerItemProxy */;
		};
/* End PBXTargetDependency section */

/* Begin PBXVariantGroup section */
		DAD041D8252C05C6000584A4 /* Main.storyboard */ = {
			isa = PBXVariantGroup;
			children = (
				DAD041D9252C05C6000584A4 /* Base */,
			);
			name = Main.storyboard;
			sourceTree = "<group>";
		};
/* End PBXVariantGroup section */

/* Begin XCBuildConfiguration section */
		DAD041DD252C05C6000584A4 /* Debug */ = {
			isa = XCBuildConfiguration;
			buildSettings = {
				ALWAYS_SEARCH_USER_PATHS = NO;
				CLANG_ANALYZER_NONNULL = YES;
				CLANG_ANALYZER_NUMBER_OBJECT_CONVERSION = YES_AGGRESSIVE;
				CLANG_CXX_LANGUAGE_STANDARD = "gnu++14";
				CLANG_CXX_LIBRARY = "libc++";
				CLANG_ENABLE_MODULES = YES;
				CLANG_ENABLE_OBJC_ARC = YES;
				CLANG_ENABLE_OBJC_WEAK = YES;
				CLANG_WARN_BLOCK_CAPTURE_AUTORELEASING = YES;
				CLANG_WARN_BOOL_CONVERSION = YES;
				CLANG_WARN_COMMA = YES;
				CLANG_WARN_CONSTANT_CONVERSION = YES;
				CLANG_WARN_DEPRECATED_OBJC_IMPLEMENTATIONS = YES;
				CLANG_WARN_DIRECT_OBJC_ISA_USAGE = YES_ERROR;
				CLANG_WARN_DOCUMENTATION_COMMENTS = YES;
				CLANG_WARN_EMPTY_BODY = YES;
				CLANG_WARN_ENUM_CONVERSION = YES;
				CLANG_WARN_INFINITE_RECURSION = YES;
				CLANG_WARN_INT_CONVERSION = YES;
				CLANG_WARN_NON_LITERAL_NULL_CONVERSION = YES;
				CLANG_WARN_OBJC_IMPLICIT_RETAIN_SELF = YES;
				CLANG_WARN_OBJC_LITERAL_CONVERSION = YES;
				CLANG_WARN_OBJC_ROOT_CLASS = YES_ERROR;
				CLANG_WARN_QUOTED_INCLUDE_IN_FRAMEWORK_HEADER = YES;
				CLANG_WARN_RANGE_LOOP_ANALYSIS = YES;
				CLANG_WARN_STRICT_PROTOTYPES = YES;
				CLANG_WARN_SUSPICIOUS_MOVE = YES;
				CLANG_WARN_UNGUARDED_AVAILABILITY = YES_AGGRESSIVE;
				CLANG_WARN_UNREACHABLE_CODE = YES;
				CLANG_WARN__DUPLICATE_METHOD_MATCH = YES;
				COPY_PHASE_STRIP = NO;
				DEAD_CODE_STRIPPING = YES;
				DEBUG_INFORMATION_FORMAT = dwarf;
				ENABLE_STRICT_OBJC_MSGSEND = YES;
				ENABLE_TESTABILITY = YES;
				ENABLE_USER_SCRIPT_SANDBOXING = YES;
				GCC_C_LANGUAGE_STANDARD = gnu11;
				GCC_DYNAMIC_NO_PIC = NO;
				GCC_NO_COMMON_BLOCKS = YES;
				GCC_OPTIMIZATION_LEVEL = 0;
				GCC_PREPROCESSOR_DEFINITIONS = (
					"DEBUG=1",
					"$(inherited)",
				);
				GCC_WARN_64_TO_32_BIT_CONVERSION = YES;
				GCC_WARN_ABOUT_RETURN_TYPE = YES_ERROR;
				GCC_WARN_UNDECLARED_SELECTOR = YES;
				GCC_WARN_UNINITIALIZED_AUTOS = YES_AGGRESSIVE;
				GCC_WARN_UNUSED_FUNCTION = YES;
				GCC_WARN_UNUSED_VARIABLE = YES;
				MACOSX_DEPLOYMENT_TARGET = 13.0;
				MTL_ENABLE_DEBUG_INFO = INCLUDE_SOURCE;
				MTL_FAST_MATH = YES;
				ONLY_ACTIVE_ARCH = YES;
				SDKROOT = macosx;
				SWIFT_ACTIVE_COMPILATION_CONDITIONS = DEBUG;
				SWIFT_OPTIMIZATION_LEVEL = "-Onone";
			};
			name = Debug;
		};
		DAD041DE252C05C6000584A4 /* Release */ = {
			isa = XCBuildConfiguration;
			buildSettings = {
				ALWAYS_SEARCH_USER_PATHS = NO;
				CLANG_ANALYZER_NONNULL = YES;
				CLANG_ANALYZER_NUMBER_OBJECT_CONVERSION = YES_AGGRESSIVE;
				CLANG_CXX_LANGUAGE_STANDARD = "gnu++14";
				CLANG_CXX_LIBRARY = "libc++";
				CLANG_ENABLE_MODULES = YES;
				CLANG_ENABLE_OBJC_ARC = YES;
				CLANG_ENABLE_OBJC_WEAK = YES;
				CLANG_WARN_BLOCK_CAPTURE_AUTORELEASING = YES;
				CLANG_WARN_BOOL_CONVERSION = YES;
				CLANG_WARN_COMMA = YES;
				CLANG_WARN_CONSTANT_CONVERSION = YES;
				CLANG_WARN_DEPRECATED_OBJC_IMPLEMENTATIONS = YES;
				CLANG_WARN_DIRECT_OBJC_ISA_USAGE = YES_ERROR;
				CLANG_WARN_DOCUMENTATION_COMMENTS = YES;
				CLANG_WARN_EMPTY_BODY = YES;
				CLANG_WARN_ENUM_CONVERSION = YES;
				CLANG_WARN_INFINITE_RECURSION = YES;
				CLANG_WARN_INT_CONVERSION = YES;
				CLANG_WARN_NON_LITERAL_NULL_CONVERSION = YES;
				CLANG_WARN_OBJC_IMPLICIT_RETAIN_SELF = YES;
				CLANG_WARN_OBJC_LITERAL_CONVERSION = YES;
				CLANG_WARN_OBJC_ROOT_CLASS = YES_ERROR;
				CLANG_WARN_QUOTED_INCLUDE_IN_FRAMEWORK_HEADER = YES;
				CLANG_WARN_RANGE_LOOP_ANALYSIS = YES;
				CLANG_WARN_STRICT_PROTOTYPES = YES;
				CLANG_WARN_SUSPICIOUS_MOVE = YES;
				CLANG_WARN_UNGUARDED_AVAILABILITY = YES_AGGRESSIVE;
				CLANG_WARN_UNREACHABLE_CODE = YES;
				CLANG_WARN__DUPLICATE_METHOD_MATCH = YES;
				COPY_PHASE_STRIP = NO;
				DEAD_CODE_STRIPPING = YES;
				DEBUG_INFORMATION_FORMAT = "dwarf-with-dsym";
				ENABLE_NS_ASSERTIONS = NO;
				ENABLE_STRICT_OBJC_MSGSEND = YES;
				ENABLE_USER_SCRIPT_SANDBOXING = YES;
				GCC_C_LANGUAGE_STANDARD = gnu11;
				GCC_NO_COMMON_BLOCKS = YES;
				GCC_WARN_64_TO_32_BIT_CONVERSION = YES;
				GCC_WARN_ABOUT_RETURN_TYPE = YES_ERROR;
				GCC_WARN_UNDECLARED_SELECTOR = YES;
				GCC_WARN_UNINITIALIZED_AUTOS = YES_AGGRESSIVE;
				GCC_WARN_UNUSED_FUNCTION = YES;
				GCC_WARN_UNUSED_VARIABLE = YES;
				MACOSX_DEPLOYMENT_TARGET = 13.0;
				MTL_ENABLE_DEBUG_INFO = NO;
				MTL_FAST_MATH = YES;
				SDKROOT = macosx;
				SWIFT_COMPILATION_MODE = wholemodule;
				SWIFT_OPTIMIZATION_LEVEL = "-O";
			};
			name = Release;
		};
		DAD041E0252C05C6000584A4 /* Debug */ = {
			isa = XCBuildConfiguration;
			buildSettings = {
				ALWAYS_EMBED_SWIFT_STANDARD_LIBRARIES = YES;
				ASSETCATALOG_COMPILER_APPICON_NAME = AppIcon;
				ASSETCATALOG_COMPILER_GLOBAL_ACCENT_COLOR_NAME = AccentColor;
				CODE_SIGN_ENTITLEMENTS = XLineTool/XLineTool.entitlements;
				"CODE_SIGN_IDENTITY[sdk=macosx*]" = "Apple Development";
				CODE_SIGN_STYLE = Automatic;
				COMBINE_HIDPI_IMAGES = YES;
				CURRENT_PROJECT_VERSION = 1;
				DEAD_CODE_STRIPPING = YES;
				DEVELOPMENT_ASSET_PATHS = "\"XLineTool/Preview Content\"";
				DEVELOPMENT_TEAM = "";
				ENABLE_HARDENED_RUNTIME = YES;
				ENABLE_PREVIEWS = YES;
				INFOPLIST_FILE = XLineTool/Info.plist;
				INFOPLIST_KEY_LSApplicationCategoryType = "public.app-category.developer-tools";
				LD_RUNPATH_SEARCH_PATHS = (
					"$(inherited)",
					"@executable_path/../Frameworks",
				);
				MACOSX_DEPLOYMENT_TARGET = 13.0;
				MARKETING_VERSION = 1.0.0;
				PRODUCT_BUNDLE_IDENTIFIER = dev.p3l6.XLineTool;
				PRODUCT_NAME = "$(TARGET_NAME)";
				SWIFT_VERSION = 5.0;
			};
			name = Debug;
		};
		DAD041E1252C05C6000584A4 /* Release */ = {
			isa = XCBuildConfiguration;
			buildSettings = {
				ALWAYS_EMBED_SWIFT_STANDARD_LIBRARIES = YES;
				ASSETCATALOG_COMPILER_APPICON_NAME = AppIcon;
				ASSETCATALOG_COMPILER_GLOBAL_ACCENT_COLOR_NAME = AccentColor;
				CODE_SIGN_ENTITLEMENTS = XLineTool/XLineTool.entitlements;
				"CODE_SIGN_IDENTITY[sdk=macosx*]" = "Apple Development";
				CODE_SIGN_STYLE = Automatic;
				COMBINE_HIDPI_IMAGES = YES;
				CURRENT_PROJECT_VERSION = 1;
				DEAD_CODE_STRIPPING = YES;
				DEVELOPMENT_ASSET_PATHS = "\"XLineTool/Preview Content\"";
				DEVELOPMENT_TEAM = "";
				ENABLE_HARDENED_RUNTIME = YES;
				ENABLE_PREVIEWS = YES;
				INFOPLIST_FILE = XLineTool/Info.plist;
				INFOPLIST_KEY_LSApplicationCategoryType = "public.app-category.developer-tools";
				LD_RUNPATH_SEARCH_PATHS = (
					"$(inherited)",
					"@executable_path/../Frameworks",
				);
				MACOSX_DEPLOYMENT_TARGET = 10.15;
				MARKETING_VERSION = 1.0.0;
				PRODUCT_BUNDLE_IDENTIFIER = dev.p3l6.XLineTool;
				PRODUCT_NAME = "$(TARGET_NAME)";
				SWIFT_VERSION = 5.0;
			};
			name = Release;
		};
		DAD041F8252C0620000584A4 /* Debug */ = {
			isa = XCBuildConfiguration;
			buildSettings = {
				CODE_SIGN_ENTITLEMENTS = XLineTools/XLineTools.entitlements;
				"CODE_SIGN_IDENTITY[sdk=macosx*]" = "Apple Development";
				CODE_SIGN_STYLE = Automatic;
				COMBINE_HIDPI_IMAGES = YES;
				DEVELOPMENT_TEAM = "";
				DEAD_CODE_STRIPPING = YES;
				ENABLE_HARDENED_RUNTIME = YES;
				INFOPLIST_FILE = XLineTools/Info.plist;
				LD_RUNPATH_SEARCH_PATHS = (
					"$(inherited)",
					"@executable_path/../Frameworks",
					"@executable_path/../../../../Frameworks",
				);
				PRODUCT_BUNDLE_IDENTIFIER = dev.p3l6.XLineTool.XLineTools;
				PRODUCT_NAME = "$(TARGET_NAME)";
				SKIP_INSTALL = YES;
				SWIFT_VERSION = 5.0;
			};
			name = Debug;
		};
		DAD041F9252C0620000584A4 /* Release */ = {
			isa = XCBuildConfiguration;
			buildSettings = {
				CODE_SIGN_ENTITLEMENTS = XLineTools/XLineTools.entitlements;
				"CODE_SIGN_IDENTITY[sdk=macosx*]" = "Apple Development";
				CODE_SIGN_STYLE = Automatic;
				COMBINE_HIDPI_IMAGES = YES;
				DEVELOPMENT_TEAM = "";
				DEAD_CODE_STRIPPING = YES;
				ENABLE_HARDENED_RUNTIME = YES;
				INFOPLIST_FILE = XLineTools/Info.plist;
				LD_RUNPATH_SEARCH_PATHS = (
					"$(inherited)",
					"@executable_path/../Frameworks",
					"@executable_path/../../../../Frameworks",
				);
				PRODUCT_BUNDLE_IDENTIFIER = dev.p3l6.XLineTool.XLineTools;
				PRODUCT_NAME = "$(TARGET_NAME)";
				SKIP_INSTALL = YES;
				SWIFT_VERSION = 5.0;
			};
			name = Release;
		};
/* End XCBuildConfiguration section */

/* Begin XCConfigurationList section */
		DAD041C7252C05C5000584A4 /* Build configuration list for PBXProject "XLineTool" */ = {
			isa = XCConfigurationList;
			buildConfigurations = (
				DAD041DD252C05C6000584A4 /* Debug */,
				DAD041DE252C05C6000584A4 /* Release */,
			);
			defaultConfigurationIsVisible = 0;
			defaultConfigurationName = Release;
		};
		DAD041DF252C05C6000584A4 /* Build configuration list for PBXNativeTarget "XLineTool" */ = {
			isa = XCConfigurationList;
			buildConfigurations = (
				DAD041E0252C05C6000584A4 /* Debug */,
				DAD041E1252C05C6000584A4 /* Release */,
			);
			defaultConfigurationIsVisible = 0;
			defaultConfigurationName = Release;
		};
		DAD041F7252C0620000584A4 /* Build configuration list for PBXNativeTarget "XLineTools" */ = {
			isa = XCConfigurationList;
			buildConfigurations = (
				DAD041F8252C0620000584A4 /* Debug */,
				DAD041F9252C0620000584A4 /* Release */,
			);
			defaultConfigurationIsVisible = 0;
			defaultConfigurationName = Release;
		};
/* End XCConfigurationList section */
	};
	rootObject = DAD041C4252C05C5000584A4 /* Project object */;
}
